
Microsoft Visual Studio Solution File, Format Version 12.00
# Visual Studio Version 16
VisualStudioVersion = 16.0.30204.135
MinimumVisualStudioVersion = 10.0.40219.1
Project("{FAE04EC0-301F-11D3-BF4B-00C04F79EFBC}") = "LearnBot", "LearnBot\LearnBot.csproj", "{5B3E189D-2FFA-4D7C-B526-F781B6B7D74A}"
EndProject
Global
	GlobalSection(SolutionConfigurationPlatforms) = preSolution
		Debug|Any CPU = Debug|Any CPU
		Release|Any CPU = Release|Any CPU
	EndGlobalSection
	GlobalSection(ProjectConfigurationPlatforms) = postSolution
		{5B3E189D-2FFA-4D7C-B526-F781B6B7D74A}.Debug|Any CPU.ActiveCfg = Debug|Any CPU
		{5B3E189D-2FFA-4D7C-B526-F781B6B7D74A}.Debug|Any CPU.Build.0 = Debug|Any CPU
		{5B3E189D-2FFA-4D7C-B526-F781B6B7D74A}.Release|Any CPU.ActiveCfg = Release|Any CPU
		{5B3E189D-2FFA-4D7C-B526-F781B6B7D74A}.Release|Any CPU.Build.0 = Release|Any CPU
	EndGlobalSection
	GlobalSection(SolutionProperties) = preSolution
		HideSolutionNode = FALSE
	EndGlobalSection
	GlobalSection(ExtensibilityGlobals) = postSolution
		SolutionGuid = {32906682-A036-4A3D-8128-FB3B8669F67D}
	EndGlobalSection
EndGlobal
